
Microsoft Visual Studio Solution File, Format Version 12.00
# Visual Studio Version 16
VisualStudioVersion = 16.0.31005.135
MinimumVisualStudioVersion = 10.0.40219.1
Project("{FAE04EC0-301F-11D3-BF4B-00C04F79EFBC}") = "GoStyle.Android", "GoStyle\GoStyle.Android\GoStyle.Android.csproj", "{2C3FA048-B884-4A13-A153-70489185CC5A}"
EndProject
Project("{FAE04EC0-301F-11D3-BF4B-00C04F79EFBC}") = "GoStyle.iOS", "GoStyle\GoStyle.iOS\GoStyle.iOS.csproj", "{316157E9-AE37-4CD7-A4BE-FC340DC08FA5}"
EndProject
Project("{9A19103F-16F7-4668-BE54-9A1E7A4F7556}") = "GoStyle", "GoStyle\GoStyle\GoStyle.csproj", "{2595FC63-EEC8-44A2-9214-61216659B6F6}"
EndProject
Project("{FAE04EC0-301F-11D3-BF4B-00C04F79EFBC}") = "TestGoStyle", "TestGoStyle\TestGoStyle.csproj", "{4DC889FE-E279-40E2-846B-7BFB6F40FCEC}"
	ProjectSection(ProjectDependencies) = postProject
		{2C3FA048-B884-4A13-A153-70489185CC5A} = {2C3FA048-B884-4A13-A153-70489185CC5A}
		{2595FC63-EEC8-44A2-9214-61216659B6F6} = {2595FC63-EEC8-44A2-9214-61216659B6F6}
		{316157E9-AE37-4CD7-A4BE-FC340DC08FA5} = {316157E9-AE37-4CD7-A4BE-FC340DC08FA5}
	EndProjectSection
EndProject
Global
	GlobalSection(SolutionConfigurationPlatforms) = preSolution
		Debug|Any CPU = Debug|Any CPU
		Debug|iPhone = Debug|iPhone
		Debug|iPhoneSimulator = Debug|iPhoneSimulator
		Release|Any CPU = Release|Any CPU
		Release|iPhone = Release|iPhone
		Release|iPhoneSimulator = Release|iPhoneSimulator
	EndGlobalSection
	GlobalSection(ProjectConfigurationPlatforms) = postSolution
		{2C3FA048-B884-4A13-A153-70489185CC5A}.Debug|Any CPU.ActiveCfg = Debug|Any CPU
		{2C3FA048-B884-4A13-A153-70489185CC5A}.Debug|Any CPU.Build.0 = Debug|Any CPU
		{2C3FA048-B884-4A13-A153-70489185CC5A}.Debug|Any CPU.Deploy.0 = Debug|Any CPU
		{2C3FA048-B884-4A13-A153-70489185CC5A}.Debug|iPhone.ActiveCfg = Debug|Any CPU
		{2C3FA048-B884-4A13-A153-70489185CC5A}.Debug|iPhone.Build.0 = Debug|Any CPU
		{2C3FA048-B884-4A13-A153-70489185CC5A}.Debug|iPhone.Deploy.0 = Debug|Any CPU
		{2C3FA048-B884-4A13-A153-70489185CC5A}.Debug|iPhoneSimulator.ActiveCfg = Debug|Any CPU
		{2C3FA048-B884-4A13-A153-70489185CC5A}.Debug|iPhoneSimulator.Build.0 = Debug|Any CPU
		{2C3FA048-B884-4A13-A153-70489185CC5A}.Debug|iPhoneSimulator.Deploy.0 = Debug|Any CPU
		{2C3FA048-B884-4A13-A153-70489185CC5A}.Release|Any CPU.ActiveCfg = Release|Any CPU
		{2C3FA048-B884-4A13-A153-70489185CC5A}.Release|Any CPU.Build.0 = Release|Any CPU
		{2C3FA048-B884-4A13-A153-70489185CC5A}.Release|Any CPU.Deploy.0 = Release|Any CPU
		{2C3FA048-B884-4A13-A153-70489185CC5A}.Release|iPhone.ActiveCfg = Release|Any CPU
		{2C3FA048-B884-4A13-A153-70489185CC5A}.Release|iPhone.Build.0 = Release|Any CPU
		{2C3FA048-B884-4A13-A153-70489185CC5A}.Release|iPhone.Deploy.0 = Release|Any CPU
		{2C3FA048-B884-4A13-A153-70489185CC5A}.Release|iPhoneSimulator.ActiveCfg = Release|Any CPU
		{2C3FA048-B884-4A13-A153-70489185CC5A}.Release|iPhoneSimulator.Build.0 = Release|Any CPU
		{2C3FA048-B884-4A13-A153-70489185CC5A}.Release|iPhoneSimulator.Deploy.0 = Release|Any CPU
		{316157E9-AE37-4CD7-A4BE-FC340DC08FA5}.Debug|Any CPU.ActiveCfg = Debug|iPhone
		{316157E9-AE37-4CD7-A4BE-FC340DC08FA5}.Debug|Any CPU.Build.0 = Debug|iPhone
		{316157E9-AE37-4CD7-A4BE-FC340DC08FA5}.Debug|Any CPU.Deploy.0 = Debug|iPhone
		{316157E9-AE37-4CD7-A4BE-FC340DC08FA5}.Debug|iPhone.ActiveCfg = Debug|iPhone
		{316157E9-AE37-4CD7-A4BE-FC340DC08FA5}.Debug|iPhone.Build.0 = Debug|iPhone
		{316157E9-AE37-4CD7-A4BE-FC340DC08FA5}.Debug|iPhone.Deploy.0 = Debug|iPhone
		{316157E9-AE37-4CD7-A4BE-FC340DC08FA5}.Debug|iPhoneSimulator.ActiveCfg = Debug|iPhoneSimulator
		{316157E9-AE37-4CD7-A4BE-FC340DC08FA5}.Debug|iPhoneSimulator.Build.0 = Debug|iPhoneSimulator
		{316157E9-AE37-4CD7-A4BE-FC340DC08FA5}.Debug|iPhoneSimulator.Deploy.0 = Debug|iPhoneSimulator
		{316157E9-AE37-4CD7-A4BE-FC340DC08FA5}.Release|Any CPU.ActiveCfg = Release|iPhoneSimulator
		{316157E9-AE37-4CD7-A4BE-FC340DC08FA5}.Release|Any CPU.Build.0 = Release|iPhoneSimulator
		{316157E9-AE37-4CD7-A4BE-FC340DC08FA5}.Release|Any CPU.Deploy.0 = Release|iPhoneSimulator
		{316157E9-AE37-4CD7-A4BE-FC340DC08FA5}.Release|iPhone.ActiveCfg = Release|iPhone
		{316157E9-AE37-4CD7-A4BE-FC340DC08FA5}.Release|iPhone.Build.0 = Release|iPhone
		{316157E9-AE37-4CD7-A4BE-FC340DC08FA5}.Release|iPhone.Deploy.0 = Release|iPhone
		{316157E9-AE37-4CD7-A4BE-FC340DC08FA5}.Release|iPhoneSimulator.ActiveCfg = Release|iPhoneSimulator
		{316157E9-AE37-4CD7-A4BE-FC340DC08FA5}.Release|iPhoneSimulator.Build.0 = Release|iPhoneSimulator
		{316157E9-AE37-4CD7-A4BE-FC340DC08FA5}.Release|iPhoneSimulator.Deploy.0 = Release|iPhoneSimulator
		{2595FC63-EEC8-44A2-9214-61216659B6F6}.Debug|Any CPU.ActiveCfg = Debug|Any CPU
		{2595FC63-EEC8-44A2-9214-61216659B6F6}.Debug|Any CPU.Build.0 = Debug|Any CPU
		{2595FC63-EEC8-44A2-9214-61216659B6F6}.Debug|Any CPU.Deploy.0 = Debug|Any CPU
		{2595FC63-EEC8-44A2-9214-61216659B6F6}.Debug|iPhone.ActiveCfg = Debug|Any CPU
		{2595FC63-EEC8-44A2-9214-61216659B6F6}.Debug|iPhone.Build.0 = Debug|Any CPU
		{2595FC63-EEC8-44A2-9214-61216659B6F6}.Debug|iPhone.Deploy.0 = Debug|Any CPU
		{2595FC63-EEC8-44A2-9214-61216659B6F6}.Debug|iPhoneSimulator.ActiveCfg = Debug|Any CPU
		{2595FC63-EEC8-44A2-9214-61216659B6F6}.Debug|iPhoneSimulator.Build.0 = Debug|Any CPU
		{2595FC63-EEC8-44A2-9214-61216659B6F6}.Debug|iPhoneSimulator.Deploy.0 = Debug|Any CPU
		{2595FC63-EEC8-44A2-9214-61216659B6F6}.Release|Any CPU.ActiveCfg = Release|Any CPU
		{2595FC63-EEC8-44A2-9214-61216659B6F6}.Release|Any CPU.Build.0 = Release|Any CPU
		{2595FC63-EEC8-44A2-9214-61216659B6F6}.Release|Any CPU.Deploy.0 = Release|Any CPU
		{2595FC63-EEC8-44A2-9214-61216659B6F6}.Release|iPhone.ActiveCfg = Release|Any CPU
		{2595FC63-EEC8-44A2-9214-61216659B6F6}.Release|iPhone.Build.0 = Release|Any CPU
		{2595FC63-EEC8-44A2-9214-61216659B6F6}.Release|iPhone.Deploy.0 = Release|Any CPU
		{2595FC63-EEC8-44A2-9214-61216659B6F6}.Release|iPhoneSimulator.ActiveCfg = Release|Any CPU
		{2595FC63-EEC8-44A2-9214-61216659B6F6}.Release|iPhoneSimulator.Build.0 = Release|Any CPU
		{2595FC63-EEC8-44A2-9214-61216659B6F6}.Release|iPhoneSimulator.Deploy.0 = Release|Any CPU
		{4DC889FE-E279-40E2-846B-7BFB6F40FCEC}.Debug|Any CPU.ActiveCfg = Debug|Any CPU
		{4DC889FE-E279-40E2-846B-7BFB6F40FCEC}.Debug|Any CPU.Build.0 = Debug|Any CPU
		{4DC889FE-E279-40E2-846B-7BFB6F40FCEC}.Debug|iPhone.ActiveCfg = Debug|Any CPU
		{4DC889FE-E279-40E2-846B-7BFB6F40FCEC}.Debug|iPhone.Build.0 = Debug|Any CPU
		{4DC889FE-E279-40E2-846B-7BFB6F40FCEC}.Debug|iPhoneSimulator.ActiveCfg = Debug|Any CPU
		{4DC889FE-E279-40E2-846B-7BFB6F40FCEC}.Debug|iPhoneSimulator.Build.0 = Debug|Any CPU
		{4DC889FE-E279-40E2-846B-7BFB6F40FCEC}.Release|Any CPU.ActiveCfg = Release|Any CPU
		{4DC889FE-E279-40E2-846B-7BFB6F40FCEC}.Release|Any CPU.Build.0 = Release|Any CPU
		{4DC889FE-E279-40E2-846B-7BFB6F40FCEC}.Release|iPhone.ActiveCfg = Release|Any CPU
		{4DC889FE-E279-40E2-846B-7BFB6F40FCEC}.Release|iPhone.Build.0 = Release|Any CPU
		{4DC889FE-E279-40E2-846B-7BFB6F40FCEC}.Release|iPhoneSimulator.ActiveCfg = Release|Any CPU
		{4DC889FE-E279-40E2-846B-7BFB6F40FCEC}.Release|iPhoneSimulator.Build.0 = Release|Any CPU
	EndGlobalSection
	GlobalSection(SolutionProperties) = preSolution
		HideSolutionNode = FALSE
	EndGlobalSection
	GlobalSection(ExtensibilityGlobals) = postSolution
		SolutionGuid = {ABEB773A-17A2-4FD7-80F2-8DB8ADEB9A50}
	EndGlobalSection
EndGlobal
